
Microsoft Visual Studio Solution File, Format Version 12.00
# Visual Studio Version 17
VisualStudioVersion = 17.9.34728.123
MinimumVisualStudioVersion = 10.0.40219.1
Project("{FAE04EC0-301F-11D3-BF4B-00C04F79EFBC}") = "JwtAuthSample", "JwtAuthSample\JwtAuthSample.csproj", "{9991C279-9318-4B31-8651-56C051410808}"
EndProject
Global
	GlobalSection(SolutionConfigurationPlatforms) = preSolution
		Debug|Any CPU = Debug|Any CPU
		Release|Any CPU = Release|Any CPU
	EndGlobalSection
	GlobalSection(ProjectConfigurationPlatforms) = postSolution
		{9991C279-9318-4B31-8651-56C051410808}.Debug|Any CPU.ActiveCfg = Debug|Any CPU
		{9991C279-9318-4B31-8651-56C051410808}.Debug|Any CPU.Build.0 = Debug|Any CPU
		{9991C279-9318-4B31-8651-56C051410808}.Release|Any CPU.ActiveCfg = Release|Any CPU
		{9991C279-9318-4B31-8651-56C051410808}.Release|Any CPU.Build.0 = Release|Any CPU
	EndGlobalSection
	GlobalSection(SolutionProperties) = preSolution
		HideSolutionNode = FALSE
	EndGlobalSection
	GlobalSection(ExtensibilityGlobals) = postSolution
		SolutionGuid = {7571223D-466D-4D4D-9FE0-50635E75ACF8}
	EndGlobalSection
EndGlobal
